dependencies:
  idf:
    source:
      type: idf
    version: 6.0.1
  lvgl/lvgl:
    component_hash: 184e532558c1c45fefed631f3e235423d22582aafb4630f3e8885c35281a49ae
    dependencies: []
    source:
      registry_url: https://components.espressif.com/
      type: service
    version: 9.5.0
  waveshare/esp_lcd_st7735:
    component_hash: bf2af3e1b6c6388030d7922f2fa2a2d4efd179561ed0ea7fc89cd7d0b7ac6a52
    dependencies: []
    source:
      registry_url: https://components.espressif.com/
      type: service
    version: 2.0.0
direct_dependencies:
- idf
- lvgl/lvgl
- waveshare/esp_lcd_st7735
manifest_hash: 9984bb074e69483483df3afca7021ddf3783d40ee84ede27913dd02246cc372f
target: esp32s2
version: 3.0.0
